
Microsoft Visual Studio Solution File, Format Version 12.00
# Visual Studio Version 17
VisualStudioVersion = 17.7.34031.279
MinimumVisualStudioVersion = 10.0.40219.1
Project("{FAE04EC0-301F-11D3-BF4B-00C04F79EFBC}") = "Entidades", "Entidades\Entidades.csproj", "{9AB5B0DE-1E90-4CE7-B8C5-B16CFDF25F21}"
EndProject
Project("{9A19103F-16F7-4668-BE54-9A1E7A4F7556}") = "MiCalculadora", "MiCalculadora\MiCalculadora.csproj", "{69DF7B11-FDED-418B-BCC3-62FCB2E397D3}"
EndProject
Global
	GlobalSection(SolutionConfigurationPlatforms) = preSolution
		Debug|Any CPU = Debug|Any CPU
		Release|Any CPU = Release|Any CPU
	EndGlobalSection
	GlobalSection(ProjectConfigurationPlatforms) = postSolution
		{9AB5B0DE-1E90-4CE7-B8C5-B16CFDF25F21}.Debug|Any CPU.ActiveCfg = Debug|Any CPU
		{9AB5B0DE-1E90-4CE7-B8C5-B16CFDF25F21}.Debug|Any CPU.Build.0 = Debug|Any CPU
		{9AB5B0DE-1E90-4CE7-B8C5-B16CFDF25F21}.Release|Any CPU.ActiveCfg = Release|Any CPU
		{9AB5B0DE-1E90-4CE7-B8C5-B16CFDF25F21}.Release|Any CPU.Build.0 = Release|Any CPU
		{69DF7B11-FDED-418B-BCC3-62FCB2E397D3}.Debug|Any CPU.ActiveCfg = Debug|Any CPU
		{69DF7B11-FDED-418B-BCC3-62FCB2E397D3}.Debug|Any CPU.Build.0 = Debug|Any CPU
		{69DF7B11-FDED-418B-BCC3-62FCB2E397D3}.Release|Any CPU.ActiveCfg = Release|Any CPU
		{69DF7B11-FDED-418B-BCC3-62FCB2E397D3}.Release|Any CPU.Build.0 = Release|Any CPU
	EndGlobalSection
	GlobalSection(SolutionProperties) = preSolution
		HideSolutionNode = FALSE
	EndGlobalSection
	GlobalSection(ExtensibilityGlobals) = postSolution
		SolutionGuid = {FE11801E-3C6C-4070-AA1D-77FE452E72FA}
	EndGlobalSection
EndGlobal
